// !$*UTF8*$!
{
	archiveVersion = 1;
	classes = {
	};
	objectVersion = 50;
	objects = {

/* Begin PBXBuildFile section */
		2BD2CB812278041D00255CDB /* PhotoAPI.swift in Sources */ = {isa = PBXBuildFile; fileRef = 2BD2CB802278041D00255CDB /* PhotoAPI.swift */; };
		2BD2CB832278042900255CDB /* PhotoService.swift in Sources */ = {isa = PBXBuildFile; fileRef = 2BD2CB822278042900255CDB /* PhotoService.swift */; };
		2BD2CB852278082400255CDB /* Photo.swift in Sources */ = {isa = PBXBuildFile; fileRef = 2BD2CB842278082400255CDB /* Photo.swift */; };
		3ECD50CD6E673CF15388B6ED /* Pods_FliAlbum.framework in Frameworks */ = {isa = PBXBuildFile; fileRef = 55A5401708F0999CDF1F92A6 /* Pods_FliAlbum.framework */; };
		42013C7D2277BB7800FC0E5E /* AppDelegate.swift in Sources */ = {isa = PBXBuildFile; fileRef = 42013C7C2277BB7800FC0E5E /* AppDelegate.swift */; };
		42013C7F2277BB7800FC0E5E /* StartViewController.swift in Sources */ = {isa = PBXBuildFile; fileRef = 42013C7E2277BB7800FC0E5E /* StartViewController.swift */; };
		42013C822277BB7800FC0E5E /* Main.storyboard in Resources */ = {isa = PBXBuildFile; fileRef = 42013C802277BB7800FC0E5E /* Main.storyboard */; };
		42013C842277BB7900FC0E5E /* Assets.xcassets in Resources */ = {isa = PBXBuildFile; fileRef = 42013C832277BB7900FC0E5E /* Assets.xcassets */; };
		42013C872277BB7900FC0E5E /* LaunchScreen.storyboard in Resources */ = {isa = PBXBuildFile; fileRef = 42013C852277BB7900FC0E5E /* LaunchScreen.storyboard */; };
		42013C922277BB7900FC0E5E /* FliAlbumTests.swift in Sources */ = {isa = PBXBuildFile; fileRef = 42013C912277BB7900FC0E5E /* FliAlbumTests.swift */; };
		7D2DFE901601BCC0704CE96A /* Pods_FliAlbumTests.framework in Frameworks */ = {isa = PBXBuildFile; fileRef = 6F886C2A66A01748C657E956 /* Pods_FliAlbumTests.framework */; };
/* End PBXBuildFile section */

/* Begin PBXContainerItemProxy section */
		42013C8E2277BB7900FC0E5E /* PBXContainerItemProxy */ = {
			isa = PBXContainerItemProxy;
			containerPortal = 42013C712277BB7800FC0E5E /* Project object */;
			proxyType = 1;
			remoteGlobalIDString = 42013C782277BB7800FC0E5E;
			remoteInfo = FliAlbum;
		};
/* End PBXContainerItemProxy section */

/* Begin PBXFileReference section */
		2BD2CB802278041D00255CDB /* PhotoAPI.swift */ = {isa = PBXFileReference; lastKnownFileType = sourcecode.swift; path = PhotoAPI.swift; sourceTree = "<group>"; };
		2BD2CB822278042900255CDB /* PhotoService.swift */ = {isa = PBXFileReference; lastKnownFileType = sourcecode.swift; path = PhotoService.swift; sourceTree = "<group>"; };
		2BD2CB842278082400255CDB /* Photo.swift */ = {isa = PBXFileReference; lastKnownFileType = sourcecode.swift; path = Photo.swift; sourceTree = "<group>"; };
		42013C792277BB7800FC0E5E /* FliAlbum.app */ = {isa = PBXFileReference; explicitFileType = wrapper.application; includeInIndex = 0; path = FliAlbum.app; sourceTree = BUILT_PRODUCTS_DIR; };
		42013C7C2277BB7800FC0E5E /* AppDelegate.swift */ = {isa = PBXFileReference; lastKnownFileType = sourcecode.swift; path = AppDelegate.swift; sourceTree = "<group>"; };
		42013C7E2277BB7800FC0E5E /* StartViewController.swift */ = {isa = PBXFileReference; lastKnownFileType = sourcecode.swift; path = StartViewController.swift; sourceTree = "<group>"; };
		42013C812277BB7800FC0E5E /* Base */ = {isa = PBXFileReference; lastKnownFileType = file.storyboard; name = Base; path = Base.lproj/Main.storyboard; sourceTree = "<group>"; };
		42013C832277BB7900FC0E5E /* Assets.xcassets */ = {isa = PBXFileReference; lastKnownFileType = folder.assetcatalog; path = Assets.xcassets; sourceTree = "<group>"; };
		42013C862277BB7900FC0E5E /* Base */ = {isa = PBXFileReference; lastKnownFileType = file.storyboard; name = Base; path = Base.lproj/LaunchScreen.storyboard; sourceTree = "<group>"; };
		42013C882277BB7900FC0E5E /* Info.plist */ = {isa = PBXFileReference; lastKnownFileType = text.plist.xml; path = Info.plist; sourceTree = "<group>"; };
		42013C8D2277BB7900FC0E5E /* FliAlbumTests.xctest */ = {isa = PBXFileReference; explicitFileType = wrapper.cfbundle; includeInIndex = 0; path = FliAlbumTests.xctest; sourceTree = BUILT_PRODUCTS_DIR; };
		42013C912277BB7900FC0E5E /* FliAlbumTests.swift */ = {isa = PBXFileReference; lastKnownFileType = sourcecode.swift; path = FliAlbumTests.swift; sourceTree = "<group>"; };
		42013C932277BB7900FC0E5E /* Info.plist */ = {isa = PBXFileReference; lastKnownFileType = text.plist.xml; path = Info.plist; sourceTree = "<group>"; };
		55A5401708F0999CDF1F92A6 /* Pods_FliAlbum.framework */ = {isa = PBXFileReference; explicitFileType = wrapper.framework; includeInIndex = 0; path = Pods_FliAlbum.framework; sourceTree = BUILT_PRODUCTS_DIR; };
		6E980776B0830E2E520C55A4 /* Pods-FliAlbumTests.release.xcconfig */ = {isa = PBXFileReference; includeInIndex = 1; lastKnownFileType = text.xcconfig; name = "Pods-FliAlbumTests.release.xcconfig"; path = "Target Support Files/Pods-FliAlbumTests/Pods-FliAlbumTests.release.xcconfig"; sourceTree = "<group>"; };
		6F886C2A66A01748C657E956 /* Pods_FliAlbumTests.framework */ = {isa = PBXFileReference; explicitFileType = wrapper.framework; includeInIndex = 0; path = Pods_FliAlbumTests.framework; sourceTree = BUILT_PRODUCTS_DIR; };
		7607A23B61B3F0326325927B /* Pods-FliAlbum.release.xcconfig */ = {isa = PBXFileReference; includeInIndex = 1; lastKnownFileType = text.xcconfig; name = "Pods-FliAlbum.release.xcconfig"; path = "Target Support Files/Pods-FliAlbum/Pods-FliAlbum.release.xcconfig"; sourceTree = "<group>"; };
		B91F9D1CC512AEDB83D6ACC4 /* Pods-FliAlbum.debug.xcconfig */ = {isa = PBXFileReference; includeInIndex = 1; lastKnownFileType = text.xcconfig; name = "Pods-FliAlbum.debug.xcconfig"; path = "Target Support Files/Pods-FliAlbum/Pods-FliAlbum.debug.xcconfig"; sourceTree = "<group>"; };
		EAE6837362F5F68471CF7189 /* Pods-FliAlbumTests.debug.xcconfig */ = {isa = PBXFileReference; includeInIndex = 1; lastKnownFileType = text.xcconfig; name = "Pods-FliAlbumTests.debug.xcconfig"; path = "Target Support Files/Pods-FliAlbumTests/Pods-FliAlbumTests.debug.xcconfig"; sourceTree = "<group>"; };
/* End PBXFileReference section */

/* Begin PBXFrameworksBuildPhase section */
		42013C762277BB7800FC0E5E /* Frameworks */ = {
			isa = PBXFrameworksBuildPhase;
			buildActionMask = 2147483647;
			files = (
				3ECD50CD6E673CF15388B6ED /* Pods_FliAlbum.framework in Frameworks */,
			);
			runOnlyForDeploymentPostprocessing = 0;
		};
		42013C8A2277BB7900FC0E5E /* Frameworks */ = {
			isa = PBXFrameworksBuildPhase;
			buildActionMask = 2147483647;
			files = (
				7D2DFE901601BCC0704CE96A /* Pods_FliAlbumTests.framework in Frameworks */,
			);
			runOnlyForDeploymentPostprocessing = 0;
		};
/* End PBXFrameworksBuildPhase section */

/* Begin PBXGroup section */
		17A577975675488224DAF621 /* Frameworks */ = {
			isa = PBXGroup;
			children = (
				55A5401708F0999CDF1F92A6 /* Pods_FliAlbum.framework */,
				6F886C2A66A01748C657E956 /* Pods_FliAlbumTests.framework */,
			);
			name = Frameworks;
			sourceTree = "<group>";
		};
		42013C702277BB7800FC0E5E = {
			isa = PBXGroup;
			children = (
				42013C7B2277BB7800FC0E5E /* FliAlbum */,
				42013C902277BB7900FC0E5E /* FliAlbumTests */,
				42013C7A2277BB7800FC0E5E /* Products */,
				BCF8E9B6A4B265231055FAFA /* Pods */,
				17A577975675488224DAF621 /* Frameworks */,
			);
			sourceTree = "<group>";
		};
		42013C7A2277BB7800FC0E5E /* Products */ = {
			isa = PBXGroup;
			children = (
				42013C792277BB7800FC0E5E /* FliAlbum.app */,
				42013C8D2277BB7900FC0E5E /* FliAlbumTests.xctest */,
			);
			name = Products;
			sourceTree = "<group>";
		};
		42013C7B2277BB7800FC0E5E /* FliAlbum */ = {
			isa = PBXGroup;
			children = (
				42013C7C2277BB7800FC0E5E /* AppDelegate.swift */,
				42013C7E2277BB7800FC0E5E /* StartViewController.swift */,
				42013C802277BB7800FC0E5E /* Main.storyboard */,
				42013C832277BB7900FC0E5E /* Assets.xcassets */,
				42013C852277BB7900FC0E5E /* LaunchScreen.storyboard */,
				42013C882277BB7900FC0E5E /* Info.plist */,
				2BD2CB802278041D00255CDB /* PhotoAPI.swift */,
				2BD2CB822278042900255CDB /* PhotoService.swift */,
				2BD2CB842278082400255CDB /* Photo.swift */,
			);
			path = FliAlbum;
			sourceTree = "<group>";
		};
		42013C902277BB7900FC0E5E /* FliAlbumTests */ = {
			isa = PBXGroup;
			children = (
				42013C912277BB7900FC0E5E /* FliAlbumTests.swift */,
				42013C932277BB7900FC0E5E /* Info.plist */,
			);
			path = FliAlbumTests;
			sourceTree = "<group>";
		};
		BCF8E9B6A4B265231055FAFA /* Pods */ = {
			isa = PBXGroup;
			children = (
				B91F9D1CC512AEDB83D6ACC4 /* Pods-FliAlbum.debug.xcconfig */,
				7607A23B61B3F0326325927B /* Pods-FliAlbum.release.xcconfig */,
				EAE6837362F5F68471CF7189 /* Pods-FliAlbumTests.debug.xcconfig */,
				6E980776B0830E2E520C55A4 /* Pods-FliAlbumTests.release.xcconfig */,
			);
			path = Pods;
			sourceTree = "<group>";
		};
/* End PBXGroup section */

/* Begin PBXNativeTarget section */
		42013C782277BB7800FC0E5E /* FliAlbum */ = {
			isa = PBXNativeTarget;
			buildConfigurationList = 42013C962277BB7900FC0E5E /* Build configuration list for PBXNativeTarget "FliAlbum" */;
			buildPhases = (
				CA8EA8D7CFDF8E2998C8C7C4 /* [CP] Check Pods Manifest.lock */,
				42013C752277BB7800FC0E5E /* Sources */,
				42013C762277BB7800FC0E5E /* Frameworks */,
				42013C772277BB7800FC0E5E /* Resources */,
				802630B8EA41D7B2D52B0D49 /* [CP] Embed Pods Frameworks */,
				42013C9D2277C68400FC0E5E /* ShellScript */,
			);
			buildRules = (
			);
			dependencies = (
			);
			name = FliAlbum;
			productName = FliAlbum;
			productReference = 42013C792277BB7800FC0E5E /* FliAlbum.app */;
			productType = "com.apple.product-type.application";
		};
		42013C8C2277BB7900FC0E5E /* FliAlbumTests */ = {
			isa = PBXNativeTarget;
			buildConfigurationList = 42013C992277BB7900FC0E5E /* Build configuration list for PBXNativeTarget "FliAlbumTests" */;
			buildPhases = (
				BD7B05F5BDE27BA8FE71C42E /* [CP] Check Pods Manifest.lock */,
				42013C892277BB7900FC0E5E /* Sources */,
				42013C8A2277BB7900FC0E5E /* Frameworks */,
				42013C8B2277BB7900FC0E5E /* Resources */,
			);
			buildRules = (
			);
			dependencies = (
				42013C8F2277BB7900FC0E5E /* PBXTargetDependency */,
			);
			name = FliAlbumTests;
			productName = FliAlbumTests;
			productReference = 42013C8D2277BB7900FC0E5E /* FliAlbumTests.xctest */;
			productType = "com.apple.product-type.bundle.unit-test";
		};
/* End PBXNativeTarget section */

/* Begin PBXProject section */
		42013C712277BB7800FC0E5E /* Project object */ = {
			isa = PBXProject;
			attributes = {
				LastSwiftUpdateCheck = 1020;
				LastUpgradeCheck = 1020;
				ORGANIZATIONNAME = devdagad;
				TargetAttributes = {
					42013C782277BB7800FC0E5E = {
						CreatedOnToolsVersion = 10.2.1;
					};
					42013C8C2277BB7900FC0E5E = {
						CreatedOnToolsVersion = 10.2.1;
						TestTargetID = 42013C782277BB7800FC0E5E;
					};
				};
			};
			buildConfigurationList = 42013C742277BB7800FC0E5E /* Build configuration list for PBXProject "FliAlbum" */;
			compatibilityVersion = "Xcode 9.3";
			developmentRegion = en;
			hasScannedForEncodings = 0;
			knownRegions = (
				en,
				Base,
			);
			mainGroup = 42013C702277BB7800FC0E5E;
			productRefGroup = 42013C7A2277BB7800FC0E5E /* Products */;
			projectDirPath = "";
			projectRoot = "";
			targets = (
				42013C782277BB7800FC0E5E /* FliAlbum */,
				42013C8C2277BB7900FC0E5E /* FliAlbumTests */,
			);
		};
/* End PBXProject section */

/* Begin PBXResourcesBuildPhase section */
		42013C772277BB7800FC0E5E /* Resources */ = {
			isa = PBXResourcesBuildPhase;
			buildActionMask = 2147483647;
			files = (
				42013C872277BB7900FC0E5E /* LaunchScreen.storyboard in Resources */,
				42013C842277BB7900FC0E5E /* Assets.xcassets in Resources */,
				42013C822277BB7800FC0E5E /* Main.storyboard in Resources */,
			);
			runOnlyForDeploymentPostprocessing = 0;
		};
		42013C8B2277BB7900FC0E5E /* Resources */ = {
			isa = PBXResourcesBuildPhase;
			buildActionMask = 2147483647;
			files = (
			);
			runOnlyForDeploymentPostprocessing = 0;
		};
/* End PBXResourcesBuildPhase section */

/* Begin PBXShellScriptBuildPhase section */
		42013C9D2277C68400FC0E5E /* ShellScript */ = {
			isa = PBXShellScriptBuildPhase;
			buildActionMask = 2147483647;
			files = (
			);
			inputFileListPaths = (
			);
			inputPaths = (
			);
			outputFileListPaths = (
			);
			outputPaths = (
			);
			runOnlyForDeploymentPostprocessing = 0;
			shellPath = /bin/sh;
			shellScript = "if which swiftlint >/dev/null; then\nswiftlint\nelse\necho \"warning: SwiftLint not installed, download from https://github.com/realm/SwiftLint\"\nfi\n";
		};
		802630B8EA41D7B2D52B0D49 /* [CP] Embed Pods Frameworks */ = {
			isa = PBXShellScriptBuildPhase;
			buildActionMask = 2147483647;
			files = (
			);
			inputFileListPaths = (
			);
			inputPaths = (
				"${PODS_ROOT}/Target Support Files/Pods-FliAlbum/Pods-FliAlbum-frameworks.sh",
				"${BUILT_PRODUCTS_DIR}/Alamofire/Alamofire.framework",
				"${BUILT_PRODUCTS_DIR}/ModelMapper/Mapper.framework",
				"${BUILT_PRODUCTS_DIR}/Moya/Moya.framework",
				"${BUILT_PRODUCTS_DIR}/Moya-ModelMapper/Moya_ModelMapper.framework",
				"${BUILT_PRODUCTS_DIR}/Result/Result.framework",
			);
			name = "[CP] Embed Pods Frameworks";
			outputFileListPaths = (
			);
			outputPaths = (
				"${TARGET_BUILD_DIR}/${FRAMEWORKS_FOLDER_PATH}/Alamofire.framework",
				"${TARGET_BUILD_DIR}/${FRAMEWORKS_FOLDER_PATH}/Mapper.framework",
				"${TARGET_BUILD_DIR}/${FRAMEWORKS_FOLDER_PATH}/Moya.framework",
				"${TARGET_BUILD_DIR}/${FRAMEWORKS_FOLDER_PATH}/Moya_ModelMapper.framework",
				"${TARGET_BUILD_DIR}/${FRAMEWORKS_FOLDER_PATH}/Result.framework",
			);
			runOnlyForDeploymentPostprocessing = 0;
			shellPath = /bin/sh;
			shellScript = "\"${PODS_ROOT}/Target Support Files/Pods-FliAlbum/Pods-FliAlbum-frameworks.sh\"\n";
			showEnvVarsInLog = 0;
		};
		BD7B05F5BDE27BA8FE71C42E /* [CP] Check Pods Manifest.lock */ = {
			isa = PBXShellScriptBuildPhase;
			buildActionMask = 2147483647;
			files = (
			);
			inputFileListPaths = (
			);
			inputPaths = (
				"${PODS_PODFILE_DIR_PATH}/Podfile.lock",
				"${PODS_ROOT}/Manifest.lock",
			);
			name = "[CP] Check Pods Manifest.lock";
			outputFileListPaths = (
			);
			outputPaths = (
				"$(DERIVED_FILE_DIR)/Pods-FliAlbumTests-checkManifestLockResult.txt",
			);
			runOnlyForDeploymentPostprocessing = 0;
			shellPath = /bin/sh;
			shellScript = "diff \"${PODS_PODFILE_DIR_PATH}/Podfile.lock\" \"${PODS_ROOT}/Manifest.lock\" > /dev/null\nif [ $? != 0 ] ; then\n    # print error to STDERR\n    echo \"error: The sandbox is not in sync with the Podfile.lock. Run 'pod install' or update your CocoaPods installation.\" >&2\n    exit 1\nfi\n# This output is used by Xcode 'outputs' to avoid re-running this script phase.\necho \"SUCCESS\" > \"${SCRIPT_OUTPUT_FILE_0}\"\n";
			showEnvVarsInLog = 0;
		};
		CA8EA8D7CFDF8E2998C8C7C4 /* [CP] Check Pods Manifest.lock */ = {
			isa = PBXShellScriptBuildPhase;
			buildActionMask = 2147483647;
			files = (
			);
			inputFileListPaths = (
			);
			inputPaths = (
				"${PODS_PODFILE_DIR_PATH}/Podfile.lock",
				"${PODS_ROOT}/Manifest.lock",
			);
			name = "[CP] Check Pods Manifest.lock";
			outputFileListPaths = (
			);
			outputPaths = (
				"$(DERIVED_FILE_DIR)/Pods-FliAlbum-checkManifestLockResult.txt",
			);
			runOnlyForDeploymentPostprocessing = 0;
			shellPath = /bin/sh;
			shellScript = "diff \"${PODS_PODFILE_DIR_PATH}/Podfile.lock\" \"${PODS_ROOT}/Manifest.lock\" > /dev/null\nif [ $? != 0 ] ; then\n    # print error to STDERR\n    echo \"error: The sandbox is not in sync with the Podfile.lock. Run 'pod install' or update your CocoaPods installation.\" >&2\n    exit 1\nfi\n# This output is used by Xcode 'outputs' to avoid re-running this script phase.\necho \"SUCCESS\" > \"${SCRIPT_OUTPUT_FILE_0}\"\n";
			showEnvVarsInLog = 0;
		};
/* End PBXShellScriptBuildPhase section */

/* Begin PBXSourcesBuildPhase section */
		42013C752277BB7800FC0E5E /* Sources */ = {
			isa = PBXSourcesBuildPhase;
			buildActionMask = 2147483647;
			files = (
				2BD2CB832278042900255CDB /* PhotoService.swift in Sources */,
				42013C7F2277BB7800FC0E5E /* StartViewController.swift in Sources */,
				42013C7D2277BB7800FC0E5E /* AppDelegate.swift in Sources */,
				2BD2CB812278041D00255CDB /* PhotoAPI.swift in Sources */,
				2BD2CB852278082400255CDB /* Photo.swift in Sources */,
			);
			runOnlyForDeploymentPostprocessing = 0;
		};
		42013C892277BB7900FC0E5E /* Sources */ = {
			isa = PBXSourcesBuildPhase;
			buildActionMask = 2147483647;
			files = (
				42013C922277BB7900FC0E5E /* FliAlbumTests.swift in Sources */,
			);
			runOnlyForDeploymentPostprocessing = 0;
		};
/* End PBXSourcesBuildPhase section */

/* Begin PBXTargetDependency section */
		42013C8F2277BB7900FC0E5E /* PBXTargetDependency */ = {
			isa = PBXTargetDependency;
			target = 42013C782277BB7800FC0E5E /* FliAlbum */;
			targetProxy = 42013C8E2277BB7900FC0E5E /* PBXContainerItemProxy */;
		};
/* End PBXTargetDependency section */

/* Begin PBXVariantGroup section */
		42013C802277BB7800FC0E5E /* Main.storyboard */ = {
			isa = PBXVariantGroup;
			children = (
				42013C812277BB7800FC0E5E /* Base */,
			);
			name = Main.storyboard;
			sourceTree = "<group>";
		};
		42013C852277BB7900FC0E5E /* LaunchScreen.storyboard */ = {
			isa = PBXVariantGroup;
			children = (
				42013C862277BB7900FC0E5E /* Base */,
			);
			name = LaunchScreen.storyboard;
			sourceTree = "<group>";
		};
/* End PBXVariantGroup section */

/* Begin XCBuildConfiguration section */
		42013C942277BB7900FC0E5E /* Debug */ = {
			isa = XCBuildConfiguration;
			buildSettings = {
				ALWAYS_SEARCH_USER_PATHS = NO;
				CLANG_ANALYZER_NONNULL = YES;
				CLANG_ANALYZER_NUMBER_OBJECT_CONVERSION = YES_AGGRESSIVE;
				CLANG_CXX_LANGUAGE_STANDARD = "gnu++14";
				CLANG_CXX_LIBRARY = "libc++";
				CLANG_ENABLE_MODULES = YES;
				CLANG_ENABLE_OBJC_ARC = YES;
				CLANG_ENABLE_OBJC_WEAK = YES;
				CLANG_WARN_BLOCK_CAPTURE_AUTORELEASING = YES;
				CLANG_WARN_BOOL_CONVERSION = YES;
				CLANG_WARN_COMMA = YES;
				CLANG_WARN_CONSTANT_CONVERSION = YES;
				CLANG_WARN_DEPRECATED_OBJC_IMPLEMENTATIONS = YES;
				CLANG_WARN_DIRECT_OBJC_ISA_USAGE = YES_ERROR;
				CLANG_WARN_DOCUMENTATION_COMMENTS = YES;
				CLANG_WARN_EMPTY_BODY = YES;
				CLANG_WARN_ENUM_CONVERSION = YES;
				CLANG_WARN_INFINITE_RECURSION = YES;
				CLANG_WARN_INT_CONVERSION = YES;
				CLANG_WARN_NON_LITERAL_NULL_CONVERSION = YES;
				CLANG_WARN_OBJC_IMPLICIT_RETAIN_SELF = YES;
				CLANG_WARN_OBJC_LITERAL_CONVERSION = YES;
				CLANG_WARN_OBJC_ROOT_CLASS = YES_ERROR;
				CLANG_WARN_RANGE_LOOP_ANALYSIS = YES;
				CLANG_WARN_STRICT_PROTOTYPES = YES;
				CLANG_WARN_SUSPICIOUS_MOVE = YES;
				CLANG_WARN_UNGUARDED_AVAILABILITY = YES_AGGRESSIVE;
				CLANG_WARN_UNREACHABLE_CODE = YES;
				CLANG_WARN__DUPLICATE_METHOD_MATCH = YES;
				CODE_SIGN_IDENTITY = "iPhone Developer";
				COPY_PHASE_STRIP = NO;
				DEBUG_INFORMATION_FORMAT = dwarf;
				ENABLE_STRICT_OBJC_MSGSEND = YES;
				ENABLE_TESTABILITY = YES;
				GCC_C_LANGUAGE_STANDARD = gnu11;
				GCC_DYNAMIC_NO_PIC = NO;
				GCC_NO_COMMON_BLOCKS = YES;
				GCC_OPTIMIZATION_LEVEL = 0;
				GCC_PREPROCESSOR_DEFINITIONS = (
					"DEBUG=1",
					"$(inherited)",
				);
				GCC_WARN_64_TO_32_BIT_CONVERSION = YES;
				GCC_WARN_ABOUT_RETURN_TYPE = YES_ERROR;
				GCC_WARN_UNDECLARED_SELECTOR = YES;
				GCC_WARN_UNINITIALIZED_AUTOS = YES_AGGRESSIVE;
				GCC_WARN_UNUSED_FUNCTION = YES;
				GCC_WARN_UNUSED_VARIABLE = YES;
				IPHONEOS_DEPLOYMENT_TARGET = 12.2;
				MTL_ENABLE_DEBUG_INFO = INCLUDE_SOURCE;
				MTL_FAST_MATH = YES;
				ONLY_ACTIVE_ARCH = YES;
				SDKROOT = iphoneos;
				SWIFT_ACTIVE_COMPILATION_CONDITIONS = DEBUG;
				SWIFT_OPTIMIZATION_LEVEL = "-Onone";
			};
			name = Debug;
		};
		42013C952277BB7900FC0E5E /* Release */ = {
			isa = XCBuildConfiguration;
			buildSettings = {
				ALWAYS_SEARCH_USER_PATHS = NO;
				CLANG_ANALYZER_NONNULL = YES;
				CLANG_ANALYZER_NUMBER_OBJECT_CONVERSION = YES_AGGRESSIVE;
				CLANG_CXX_LANGUAGE_STANDARD = "gnu++14";
				CLANG_CXX_LIBRARY = "libc++";
				CLANG_ENABLE_MODULES = YES;
				CLANG_ENABLE_OBJC_ARC = YES;
				CLANG_ENABLE_OBJC_WEAK = YES;
				CLANG_WARN_BLOCK_CAPTURE_AUTORELEASING = YES;
				CLANG_WARN_BOOL_CONVERSION = YES;
				CLANG_WARN_COMMA = YES;
				CLANG_WARN_CONSTANT_CONVERSION = YES;
				CLANG_WARN_DEPRECATED_OBJC_IMPLEMENTATIONS = YES;
				CLANG_WARN_DIRECT_OBJC_ISA_USAGE = YES_ERROR;
				CLANG_WARN_DOCUMENTATION_COMMENTS = YES;
				CLANG_WARN_EMPTY_BODY = YES;
				CLANG_WARN_ENUM_CONVERSION = YES;
				CLANG_WARN_INFINITE_RECURSION = YES;
				CLANG_WARN_INT_CONVERSION = YES;
				CLANG_WARN_NON_LITERAL_NULL_CONVERSION = YES;
				CLANG_WARN_OBJC_IMPLICIT_RETAIN_SELF = YES;
				CLANG_WARN_OBJC_LITERAL_CONVERSION = YES;
				CLANG_WARN_OBJC_ROOT_CLASS = YES_ERROR;
				CLANG_WARN_RANGE_LOOP_ANALYSIS = YES;
				CLANG_WARN_STRICT_PROTOTYPES = YES;
				CLANG_WARN_SUSPICIOUS_MOVE = YES;
				CLANG_WARN_UNGUARDED_AVAILABILITY = YES_AGGRESSIVE;
				CLANG_WARN_UNREACHABLE_CODE = YES;
				CLANG_WARN__DUPLICATE_METHOD_MATCH = YES;
				CODE_SIGN_IDENTITY = "iPhone Developer";
				COPY_PHASE_STRIP = NO;
				DEBUG_INFORMATION_FORMAT = "dwarf-with-dsym";
				ENABLE_NS_ASSERTIONS = NO;
				ENABLE_STRICT_OBJC_MSGSEND = YES;
				GCC_C_LANGUAGE_STANDARD = gnu11;
				GCC_NO_COMMON_BLOCKS = YES;
				GCC_WARN_64_TO_32_BIT_CONVERSION = YES;
				GCC_WARN_ABOUT_RETURN_TYPE = YES_ERROR;
				GCC_WARN_UNDECLARED_SELECTOR = YES;
				GCC_WARN_UNINITIALIZED_AUTOS = YES_AGGRESSIVE;
				GCC_WARN_UNUSED_FUNCTION = YES;
				GCC_WARN_UNUSED_VARIABLE = YES;
				IPHONEOS_DEPLOYMENT_TARGET = 12.2;
				MTL_ENABLE_DEBUG_INFO = NO;
				MTL_FAST_MATH = YES;
				SDKROOT = iphoneos;
				SWIFT_COMPILATION_MODE = wholemodule;
				SWIFT_OPTIMIZATION_LEVEL = "-O";
				VALIDATE_PRODUCT = YES;
			};
			name = Release;
		};
		42013C972277BB7900FC0E5E /* Debug */ = {
			isa = XCBuildConfiguration;
			baseConfigurationReference = B91F9D1CC512AEDB83D6ACC4 /* Pods-FliAlbum.debug.xcconfig */;
			buildSettings = {
				ASSETCATALOG_COMPILER_APPICON_NAME = AppIcon;
				CODE_SIGN_STYLE = Automatic;
				DEVELOPMENT_TEAM = LU99673E97;
				INFOPLIST_FILE = FliAlbum/Info.plist;
				LD_RUNPATH_SEARCH_PATHS = (
					"$(inherited)",
					"@executable_path/Frameworks",
				);
				PRODUCT_BUNDLE_IDENTIFIER = com.dagad.FliAlbum;
				PRODUCT_NAME = "$(TARGET_NAME)";
				SWIFT_VERSION = 5.0;
				TARGETED_DEVICE_FAMILY = "1,2";
			};
			name = Debug;
		};
		42013C982277BB7900FC0E5E /* Release */ = {
			isa = XCBuildConfiguration;
			baseConfigurationReference = 7607A23B61B3F0326325927B /* Pods-FliAlbum.release.xcconfig */;
			buildSettings = {
				ASSETCATALOG_COMPILER_APPICON_NAME = AppIcon;
				CODE_SIGN_STYLE = Automatic;
				DEVELOPMENT_TEAM = LU99673E97;
				INFOPLIST_FILE = FliAlbum/Info.plist;
				LD_RUNPATH_SEARCH_PATHS = (
					"$(inherited)",
					"@executable_path/Frameworks",
				);
				PRODUCT_BUNDLE_IDENTIFIER = com.dagad.FliAlbum;
				PRODUCT_NAME = "$(TARGET_NAME)";
				SWIFT_VERSION = 5.0;
				TARGETED_DEVICE_FAMILY = "1,2";
			};
			name = Release;
		};
		42013C9A2277BB7900FC0E5E /* Debug */ = {
			isa = XCBuildConfiguration;
			baseConfigurationReference = EAE6837362F5F68471CF7189 /* Pods-FliAlbumTests.debug.xcconfig */;
			buildSettings = {
				ALWAYS_EMBED_SWIFT_STANDARD_LIBRARIES = YES;
				BUNDLE_LOADER = "$(TEST_HOST)";
				CODE_SIGN_STYLE = Automatic;
				DEVELOPMENT_TEAM = LU99673E97;
				INFOPLIST_FILE = FliAlbumTests/Info.plist;
				LD_RUNPATH_SEARCH_PATHS = (
					"$(inherited)",
					"@executable_path/Frameworks",
					"@loader_path/Frameworks",
				);
				PRODUCT_BUNDLE_IDENTIFIER = dagad.FliAlbumTests;
				PRODUCT_NAME = "$(TARGET_NAME)";
				SWIFT_VERSION = 5.0;
				TARGETED_DEVICE_FAMILY = "1,2";
				TEST_HOST = "$(BUILT_PRODUCTS_DIR)/FliAlbum.app/FliAlbum";
			};
			name = Debug;
		};
		42013C9B2277BB7900FC0E5E /* Release */ = {
			isa = XCBuildConfiguration;
			baseConfigurationReference = 6E980776B0830E2E520C55A4 /* Pods-FliAlbumTests.release.xcconfig */;
			buildSettings = {
				ALWAYS_EMBED_SWIFT_STANDARD_LIBRARIES = YES;
				BUNDLE_LOADER = "$(TEST_HOST)";
				CODE_SIGN_STYLE = Automatic;
				DEVELOPMENT_TEAM = LU99673E97;
				INFOPLIST_FILE = FliAlbumTests/Info.plist;
				LD_RUNPATH_SEARCH_PATHS = (
					"$(inherited)",
					"@executable_path/Frameworks",
					"@loader_path/Frameworks",
				);
				PRODUCT_BUNDLE_IDENTIFIER = dagad.FliAlbumTests;
				PRODUCT_NAME = "$(TARGET_NAME)";
				SWIFT_VERSION = 5.0;
				TARGETED_DEVICE_FAMILY = "1,2";
				TEST_HOST = "$(BUILT_PRODUCTS_DIR)/FliAlbum.app/FliAlbum";
			};
			name = Release;
		};
/* End XCBuildConfiguration section */

/* Begin XCConfigurationList section */
		42013C742277BB7800FC0E5E /* Build configuration list for PBXProject "FliAlbum" */ = {
			isa = XCConfigurationList;
			buildConfigurations = (
				42013C942277BB7900FC0E5E /* Debug */,
				42013C952277BB7900FC0E5E /* Release */,
			);
			defaultConfigurationIsVisible = 0;
			defaultConfigurationName = Release;
		};
		42013C962277BB7900FC0E5E /* Build configuration list for PBXNativeTarget "FliAlbum" */ = {
			isa = XCConfigurationList;
			buildConfigurations = (
				42013C972277BB7900FC0E5E /* Debug */,
				42013C982277BB7900FC0E5E /* Release */,
			);
			defaultConfigurationIsVisible = 0;
			defaultConfigurationName = Release;
		};
		42013C992277BB7900FC0E5E /* Build configuration list for PBXNativeTarget "FliAlbumTests" */ = {
			isa = XCConfigurationList;
			buildConfigurations = (
				42013C9A2277BB7900FC0E5E /* Debug */,
				42013C9B2277BB7900FC0E5E /* Release */,
			);
			defaultConfigurationIsVisible = 0;
			defaultConfigurationName = Release;
		};
/* End XCConfigurationList section */
	};
	rootObject = 42013C712277BB7800FC0E5E /* Project object */;
}
